
Microsoft Visual Studio Solution File, Format Version 12.00
# Visual Studio Version 17
VisualStudioVersion = 17.9.34902.65
MinimumVisualStudioVersion = 10.0.40219.1
Project("{FAE04EC0-301F-11D3-BF4B-00C04F79EFBC}") = "PkusForum", "PkusForum\PkusForum\PkusForum.csproj", "{BFACDB7C-659F-40DA-9E09-C5FA0D08618A}"
EndProject
Project("{FAE04EC0-301F-11D3-BF4B-00C04F79EFBC}") = "PkusForum.Client", "PkusForum\PkusForum.Client\PkusForum.Client.csproj", "{CBEAF9B6-0B15-42C0-87A9-1983C348DDEE}"
EndProject
Global
	GlobalSection(SolutionConfigurationPlatforms) = preSolution
		Debug|Any CPU = Debug|Any CPU
		Release|Any CPU = Release|Any CPU
	EndGlobalSection
	GlobalSection(ProjectConfigurationPlatforms) = postSolution
		{BFACDB7C-659F-40DA-9E09-C5FA0D08618A}.Debug|Any CPU.ActiveCfg = Debug|Any CPU
		{BFACDB7C-659F-40DA-9E09-C5FA0D08618A}.Debug|Any CPU.Build.0 = Debug|Any CPU
		{BFACDB7C-659F-40DA-9E09-C5FA0D08618A}.Release|Any CPU.ActiveCfg = Release|Any CPU
		{BFACDB7C-659F-40DA-9E09-C5FA0D08618A}.Release|Any CPU.Build.0 = Release|Any CPU
		{CBEAF9B6-0B15-42C0-87A9-1983C348DDEE}.Debug|Any CPU.ActiveCfg = Debug|Any CPU
		{CBEAF9B6-0B15-42C0-87A9-1983C348DDEE}.Debug|Any CPU.Build.0 = Debug|Any CPU
		{CBEAF9B6-0B15-42C0-87A9-1983C348DDEE}.Release|Any CPU.ActiveCfg = Release|Any CPU
		{CBEAF9B6-0B15-42C0-87A9-1983C348DDEE}.Release|Any CPU.Build.0 = Release|Any CPU
	EndGlobalSection
	GlobalSection(SolutionProperties) = preSolution
		HideSolutionNode = FALSE
	EndGlobalSection
	GlobalSection(ExtensibilityGlobals) = postSolution
		SolutionGuid = {5720640E-69D4-427B-8C98-D05FACD336AC}
	EndGlobalSection
EndGlobal
